
Microsoft Visual Studio Solution File, Format Version 12.00
# Visual Studio Version 16
VisualStudioVersion = 16.0.31624.102
MinimumVisualStudioVersion = 10.0.40219.1
Project("{FAE04EC0-301F-11D3-BF4B-00C04F79EFBC}") = "charpLab10", "charpLab10\charpLab10.csproj", "{7D7F5126-8F1A-49CF-AE72-E0C4F1615878}"
EndProject
Global
	GlobalSection(SolutionConfigurationPlatforms) = preSolution
		Debug|Any CPU = Debug|Any CPU
		Release|Any CPU = Release|Any CPU
	EndGlobalSection
	GlobalSection(ProjectConfigurationPlatforms) = postSolution
		{7D7F5126-8F1A-49CF-AE72-E0C4F1615878}.Debug|Any CPU.ActiveCfg = Debug|Any CPU
		{7D7F5126-8F1A-49CF-AE72-E0C4F1615878}.Debug|Any CPU.Build.0 = Debug|Any CPU
		{7D7F5126-8F1A-49CF-AE72-E0C4F1615878}.Release|Any CPU.ActiveCfg = Release|Any CPU
		{7D7F5126-8F1A-49CF-AE72-E0C4F1615878}.Release|Any CPU.Build.0 = Release|Any CPU
	EndGlobalSection
	GlobalSection(SolutionProperties) = preSolution
		HideSolutionNode = FALSE
	EndGlobalSection
	GlobalSection(ExtensibilityGlobals) = postSolution
		SolutionGuid = {6D334326-5517-43DE-B3C7-E60C52BFE401}
	EndGlobalSection
EndGlobal
